// !$*UTF8*$!
{
	archiveVersion = 1;
	classes = {
	};
	objectVersion = 56;
	objects = {

/* Begin PBXBuildFile section */
		AA02A3552A3A577D00B3A979 /* Habit_TrackerTests.swift in Sources */ = {isa = PBXBuildFile; fileRef = AA02A3542A3A577D00B3A979 /* Habit_TrackerTests.swift */; };
		AAAE9F712A2626BB009DA87F /* QuoteViewControllerViewModel.swift in Sources */ = {isa = PBXBuildFile; fileRef = AAAE9F702A2626BB009DA87F /* QuoteViewControllerViewModel.swift */; };
		AAAE9F732A262C99009DA87F /* QuoteModel.swift in Sources */ = {isa = PBXBuildFile; fileRef = AAAE9F722A262C99009DA87F /* QuoteModel.swift */; };
		AACE30E429E47257004EEA20 /* Habit Tracker.png in Resources */ = {isa = PBXBuildFile; fileRef = AACE30E329E47257004EEA20 /* Habit Tracker.png */; };
		AACE30E729E5D9BD004EEA20 /* HabitModel.swift in Sources */ = {isa = PBXBuildFile; fileRef = AACE30E629E5D9BD004EEA20 /* HabitModel.swift */; };
		AACE30EB29F2F155004EEA20 /* HabitViewControllerViewModel.swift in Sources */ = {isa = PBXBuildFile; fileRef = AACE30EA29F2F155004EEA20 /* HabitViewControllerViewModel.swift */; };
		AACE30ED29F6E457004EEA20 /* LoginViewController.swift in Sources */ = {isa = PBXBuildFile; fileRef = AACE30EC29F6E457004EEA20 /* LoginViewController.swift */; };
		AACE30F129F6EA79004EEA20 /* GoogleService-Info.plist in Resources */ = {isa = PBXBuildFile; fileRef = AACE30F029F6EA79004EEA20 /* GoogleService-Info.plist */; };
		AACE30F429F6EB08004EEA20 /* FirebaseAuth in Frameworks */ = {isa = PBXBuildFile; productRef = AACE30F329F6EB08004EEA20 /* FirebaseAuth */; };
		AACE30F629F6EB08004EEA20 /* FirebaseFirestore in Frameworks */ = {isa = PBXBuildFile; productRef = AACE30F529F6EB08004EEA20 /* FirebaseFirestore */; };
		AAD99A2D29F70ED6007332AD /* Constants.swift in Sources */ = {isa = PBXBuildFile; fileRef = AAD99A2C29F70ED6007332AD /* Constants.swift */; };
		AAD99A312A155A92007332AD /* QuoteViewController.swift in Sources */ = {isa = PBXBuildFile; fileRef = AAD99A302A155A92007332AD /* QuoteViewController.swift */; };
		AAE6380629D60412004CCD33 /* AppDelegate.swift in Sources */ = {isa = PBXBuildFile; fileRef = AAE6380529D60412004CCD33 /* AppDelegate.swift */; };
		AAE6380829D60412004CCD33 /* SceneDelegate.swift in Sources */ = {isa = PBXBuildFile; fileRef = AAE6380729D60412004CCD33 /* SceneDelegate.swift */; };
		AAE6380A29D60412004CCD33 /* HabitViewController.swift in Sources */ = {isa = PBXBuildFile; fileRef = AAE6380929D60412004CCD33 /* HabitViewController.swift */; };
		AAE6380D29D60412004CCD33 /* Main.storyboard in Resources */ = {isa = PBXBuildFile; fileRef = AAE6380B29D60412004CCD33 /* Main.storyboard */; };
		AAE6381029D60412004CCD33 /* Habit_Tracker.xcdatamodeld in Sources */ = {isa = PBXBuildFile; fileRef = AAE6380E29D60412004CCD33 /* Habit_Tracker.xcdatamodeld */; };
		AAE6381229D60414004CCD33 /* Assets.xcassets in Resources */ = {isa = PBXBuildFile; fileRef = AAE6381129D60414004CCD33 /* Assets.xcassets */; };
		AAE6381529D60414004CCD33 /* LaunchScreen.storyboard in Resources */ = {isa = PBXBuildFile; fileRef = AAE6381329D60414004CCD33 /* LaunchScreen.storyboard */; };
/* End PBXBuildFile section */

/* Begin PBXContainerItemProxy section */
		AA02A3562A3A577D00B3A979 /* PBXContainerItemProxy */ = {
			isa = PBXContainerItemProxy;
			containerPortal = AAE637FA29D60412004CCD33 /* Project object */;
			proxyType = 1;
			remoteGlobalIDString = AAE6380129D60412004CCD33;
			remoteInfo = "Habit Tracker";
		};
/* End PBXContainerItemProxy section */

/* Begin PBXFileReference section */
		AA02A3522A3A577D00B3A979 /* Habit TrackerTests.xctest */ = {isa = PBXFileReference; explicitFileType = wrapper.cfbundle; includeInIndex = 0; path = "Habit TrackerTests.xctest"; sourceTree = BUILT_PRODUCTS_DIR; };
		AA02A3542A3A577D00B3A979 /* Habit_TrackerTests.swift */ = {isa = PBXFileReference; lastKnownFileType = sourcecode.swift; path = Habit_TrackerTests.swift; sourceTree = "<group>"; };
		AAAE9F702A2626BB009DA87F /* QuoteViewControllerViewModel.swift */ = {isa = PBXFileReference; lastKnownFileType = sourcecode.swift; path = QuoteViewControllerViewModel.swift; sourceTree = "<group>"; };
		AAAE9F722A262C99009DA87F /* QuoteModel.swift */ = {isa = PBXFileReference; lastKnownFileType = sourcecode.swift; path = QuoteModel.swift; sourceTree = "<group>"; };
		AACE30E329E47257004EEA20 /* Habit Tracker.png */ = {isa = PBXFileReference; lastKnownFileType = image.png; name = "Habit Tracker.png"; path = "Logo/Habit Tracker.png"; sourceTree = SOURCE_ROOT; };
		AACE30E629E5D9BD004EEA20 /* HabitModel.swift */ = {isa = PBXFileReference; lastKnownFileType = sourcecode.swift; path = HabitModel.swift; sourceTree = "<group>"; };
		AACE30EA29F2F155004EEA20 /* HabitViewControllerViewModel.swift */ = {isa = PBXFileReference; lastKnownFileType = sourcecode.swift; path = HabitViewControllerViewModel.swift; sourceTree = "<group>"; };
		AACE30EC29F6E457004EEA20 /* LoginViewController.swift */ = {isa = PBXFileReference; lastKnownFileType = sourcecode.swift; path = LoginViewController.swift; sourceTree = "<group>"; };
		AACE30F029F6EA79004EEA20 /* GoogleService-Info.plist */ = {isa = PBXFileReference; fileEncoding = 4; lastKnownFileType = text.plist.xml; path = "GoogleService-Info.plist"; sourceTree = "<group>"; };
		AAD99A2C29F70ED6007332AD /* Constants.swift */ = {isa = PBXFileReference; lastKnownFileType = sourcecode.swift; path = Constants.swift; sourceTree = "<group>"; };
		AAD99A302A155A92007332AD /* QuoteViewController.swift */ = {isa = PBXFileReference; lastKnownFileType = sourcecode.swift; path = QuoteViewController.swift; sourceTree = "<group>"; };
		AAE6380229D60412004CCD33 /* Habit Tracker.app */ = {isa = PBXFileReference; explicitFileType = wrapper.application; includeInIndex = 0; path = "Habit Tracker.app"; sourceTree = BUILT_PRODUCTS_DIR; };
		AAE6380529D60412004CCD33 /* AppDelegate.swift */ = {isa = PBXFileReference; lastKnownFileType = sourcecode.swift; path = AppDelegate.swift; sourceTree = "<group>"; };
		AAE6380729D60412004CCD33 /* SceneDelegate.swift */ = {isa = PBXFileReference; lastKnownFileType = sourcecode.swift; path = SceneDelegate.swift; sourceTree = "<group>"; };
		AAE6380929D60412004CCD33 /* HabitViewController.swift */ = {isa = PBXFileReference; lastKnownFileType = sourcecode.swift; path = HabitViewController.swift; sourceTree = "<group>"; };
		AAE6380C29D60412004CCD33 /* Base */ = {isa = PBXFileReference; lastKnownFileType = file.storyboard; name = Base; path = Base.lproj/Main.storyboard; sourceTree = "<group>"; };
		AAE6380F29D60412004CCD33 /* Habit_Tracker.xcdatamodel */ = {isa = PBXFileReference; lastKnownFileType = wrapper.xcdatamodel; path = Habit_Tracker.xcdatamodel; sourceTree = "<group>"; };
		AAE6381129D60414004CCD33 /* Assets.xcassets */ = {isa = PBXFileReference; lastKnownFileType = folder.assetcatalog; path = Assets.xcassets; sourceTree = "<group>"; };
		AAE6381429D60414004CCD33 /* Base */ = {isa = PBXFileReference; lastKnownFileType = file.storyboard; name = Base; path = Base.lproj/LaunchScreen.storyboard; sourceTree = "<group>"; };
		AAE6381629D60414004CCD33 /* Info.plist */ = {isa = PBXFileReference; lastKnownFileType = text.plist.xml; path = Info.plist; sourceTree = "<group>"; };
/* End PBXFileReference section */

/* Begin PBXFrameworksBuildPhase section */
		AA02A34F2A3A577D00B3A979 /* Frameworks */ = {
			isa = PBXFrameworksBuildPhase;
			buildActionMask = 2147483647;
			files = (
			);
			runOnlyForDeploymentPostprocessing = 0;
		};
		AAE637FF29D60412004CCD33 /* Frameworks */ = {
			isa = PBXFrameworksBuildPhase;
			buildActionMask = 2147483647;
			files = (
				AACE30F429F6EB08004EEA20 /* FirebaseAuth in Frameworks */,
				AACE30F629F6EB08004EEA20 /* FirebaseFirestore in Frameworks */,
			);
			runOnlyForDeploymentPostprocessing = 0;
		};
/* End PBXFrameworksBuildPhase section */

/* Begin PBXGroup section */
		AA02A3532A3A577D00B3A979 /* Habit TrackerTests */ = {
			isa = PBXGroup;
			children = (
				AA02A35B2A3A57F600B3A979 /* Login */,
				AA02A35C2A3A57FD00B3A979 /* Habit */,
				AA02A35D2A3A580500B3A979 /* Quote */,
			);
			path = "Habit TrackerTests";
			sourceTree = "<group>";
		};
		AA02A35B2A3A57F600B3A979 /* Login */ = {
			isa = PBXGroup;
			children = (
				AA02A3542A3A577D00B3A979 /* Habit_TrackerTests.swift */,
			);
			path = Login;
			sourceTree = "<group>";
		};
		AA02A35C2A3A57FD00B3A979 /* Habit */ = {
			isa = PBXGroup;
			children = (
			);
			path = Habit;
			sourceTree = "<group>";
		};
		AA02A35D2A3A580500B3A979 /* Quote */ = {
			isa = PBXGroup;
			children = (
			);
			path = Quote;
			sourceTree = "<group>";
		};
		AA88318C29DB606C0042E358 /* InspirationalQuoteScreen */ = {
			isa = PBXGroup;
			children = (
				AAAE9F722A262C99009DA87F /* QuoteModel.swift */,
				AAAE9F702A2626BB009DA87F /* QuoteViewControllerViewModel.swift */,
				AAD99A302A155A92007332AD /* QuoteViewController.swift */,
			);
			path = InspirationalQuoteScreen;
			sourceTree = "<group>";
		};
		AA88318D29DB60730042E358 /* LoginScreen */ = {
			isa = PBXGroup;
			children = (
				AACE30EC29F6E457004EEA20 /* LoginViewController.swift */,
			);
			path = LoginScreen;
			sourceTree = "<group>";
		};
		AACE30E529E5D98F004EEA20 /* HabitScreen */ = {
			isa = PBXGroup;
			children = (
				AACE30E629E5D9BD004EEA20 /* HabitModel.swift */,
				AACE30EA29F2F155004EEA20 /* HabitViewControllerViewModel.swift */,
				AAE6380929D60412004CCD33 /* HabitViewController.swift */,
			);
			path = HabitScreen;
			sourceTree = "<group>";
		};
		AAE637F929D60412004CCD33 = {
			isa = PBXGroup;
			children = (
				AAE6380429D60412004CCD33 /* Habit Tracker */,
				AA02A3532A3A577D00B3A979 /* Habit TrackerTests */,
				AAE6380329D60412004CCD33 /* Products */,
			);
			sourceTree = "<group>";
		};
		AAE6380329D60412004CCD33 /* Products */ = {
			isa = PBXGroup;
			children = (
				AAE6380229D60412004CCD33 /* Habit Tracker.app */,
				AA02A3522A3A577D00B3A979 /* Habit TrackerTests.xctest */,
			);
			name = Products;
			sourceTree = "<group>";
		};
		AAE6380429D60412004CCD33 /* Habit Tracker */ = {
			isa = PBXGroup;
			children = (
				AAE6380529D60412004CCD33 /* AppDelegate.swift */,
				AAE6380729D60412004CCD33 /* SceneDelegate.swift */,
				AA88318D29DB60730042E358 /* LoginScreen */,
				AACE30E529E5D98F004EEA20 /* HabitScreen */,
				AA88318C29DB606C0042E358 /* InspirationalQuoteScreen */,
				AAE6380B29D60412004CCD33 /* Main.storyboard */,
				AAD99A2C29F70ED6007332AD /* Constants.swift */,
				AAE6381129D60414004CCD33 /* Assets.xcassets */,
				AAE6381329D60414004CCD33 /* LaunchScreen.storyboard */,
				AAE6381629D60414004CCD33 /* Info.plist */,
				AACE30F029F6EA79004EEA20 /* GoogleService-Info.plist */,
				AAE6380E29D60412004CCD33 /* Habit_Tracker.xcdatamodeld */,
				AACE30E329E47257004EEA20 /* Habit Tracker.png */,
			);
			path = "Habit Tracker";
			sourceTree = "<group>";
		};
/* End PBXGroup section */

/* Begin PBXNativeTarget section */
		AA02A3512A3A577D00B3A979 /* Habit TrackerTests */ = {
			isa = PBXNativeTarget;
			buildConfigurationList = AA02A3582A3A577D00B3A979 /* Build configuration list for PBXNativeTarget "Habit TrackerTests" */;
			buildPhases = (
				AA02A34E2A3A577D00B3A979 /* Sources */,
				AA02A34F2A3A577D00B3A979 /* Frameworks */,
				AA02A3502A3A577D00B3A979 /* Resources */,
			);
			buildRules = (
			);
			dependencies = (
				AA02A3572A3A577D00B3A979 /* PBXTargetDependency */,
			);
			name = "Habit TrackerTests";
			productName = "Habit TrackerTests";
			productReference = AA02A3522A3A577D00B3A979 /* Habit TrackerTests.xctest */;
			productType = "com.apple.product-type.bundle.unit-test";
		};
		AAE6380129D60412004CCD33 /* Habit Tracker */ = {
			isa = PBXNativeTarget;
			buildConfigurationList = AAE6381929D60414004CCD33 /* Build configuration list for PBXNativeTarget "Habit Tracker" */;
			buildPhases = (
				AAE637FE29D60412004CCD33 /* Sources */,
				AAE637FF29D60412004CCD33 /* Frameworks */,
				AAE6380029D60412004CCD33 /* Resources */,
			);
			buildRules = (
			);
			dependencies = (
			);
			name = "Habit Tracker";
			packageProductDependencies = (
				AACE30F329F6EB08004EEA20 /* FirebaseAuth */,
				AACE30F529F6EB08004EEA20 /* FirebaseFirestore */,
			);
			productName = "Habit Tracker";
			productReference = AAE6380229D60412004CCD33 /* Habit Tracker.app */;
			productType = "com.apple.product-type.application";
		};
/* End PBXNativeTarget section */

/* Begin PBXProject section */
		AAE637FA29D60412004CCD33 /* Project object */ = {
			isa = PBXProject;
			attributes = {
				BuildIndependentTargetsInParallel = 1;
				LastSwiftUpdateCheck = 1430;
				LastUpgradeCheck = 1420;
				TargetAttributes = {
					AA02A3512A3A577D00B3A979 = {
						CreatedOnToolsVersion = 14.3.1;
						TestTargetID = AAE6380129D60412004CCD33;
					};
					AAE6380129D60412004CCD33 = {
						CreatedOnToolsVersion = 14.2;
					};
				};
			};
			buildConfigurationList = AAE637FD29D60412004CCD33 /* Build configuration list for PBXProject "Habit Tracker" */;
			compatibilityVersion = "Xcode 14.0";
			developmentRegion = en;
			hasScannedForEncodings = 0;
			knownRegions = (
				en,
				Base,
			);
			mainGroup = AAE637F929D60412004CCD33;
			packageReferences = (
				AACE30F229F6EB08004EEA20 /* XCRemoteSwiftPackageReference "firebase-ios-sdk" */,
			);
			productRefGroup = AAE6380329D60412004CCD33 /* Products */;
			projectDirPath = "";
			projectRoot = "";
			targets = (
				AAE6380129D60412004CCD33 /* Habit Tracker */,
				AA02A3512A3A577D00B3A979 /* Habit TrackerTests */,
			);
		};
/* End PBXProject section */

/* Begin PBXResourcesBuildPhase section */
		AA02A3502A3A577D00B3A979 /* Resources */ = {
			isa = PBXResourcesBuildPhase;
			buildActionMask = 2147483647;
			files = (
			);
			runOnlyForDeploymentPostprocessing = 0;
		};
		AAE6380029D60412004CCD33 /* Resources */ = {
			isa = PBXResourcesBuildPhase;
			buildActionMask = 2147483647;
			files = (
				AACE30E429E47257004EEA20 /* Habit Tracker.png in Resources */,
				AACE30F129F6EA79004EEA20 /* GoogleService-Info.plist in Resources */,
				AAE6381529D60414004CCD33 /* LaunchScreen.storyboard in Resources */,
				AAE6381229D60414004CCD33 /* Assets.xcassets in Resources */,
				AAE6380D29D60412004CCD33 /* Main.storyboard in Resources */,
			);
			runOnlyForDeploymentPostprocessing = 0;
		};
/* End PBXResourcesBuildPhase section */

/* Begin PBXSourcesBuildPhase section */
		AA02A34E2A3A577D00B3A979 /* Sources */ = {
			isa = PBXSourcesBuildPhase;
			buildActionMask = 2147483647;
			files = (
				AA02A3552A3A577D00B3A979 /* Habit_TrackerTests.swift in Sources */,
			);
			runOnlyForDeploymentPostprocessing = 0;
		};
		AAE637FE29D60412004CCD33 /* Sources */ = {
			isa = PBXSourcesBuildPhase;
			buildActionMask = 2147483647;
			files = (
				AAAE9F732A262C99009DA87F /* QuoteModel.swift in Sources */,
				AACE30ED29F6E457004EEA20 /* LoginViewController.swift in Sources */,
				AACE30E729E5D9BD004EEA20 /* HabitModel.swift in Sources */,
				AAAE9F712A2626BB009DA87F /* QuoteViewControllerViewModel.swift in Sources */,
				AAE6380A29D60412004CCD33 /* HabitViewController.swift in Sources */,
				AAD99A312A155A92007332AD /* QuoteViewController.swift in Sources */,
				AAE6381029D60412004CCD33 /* Habit_Tracker.xcdatamodeld in Sources */,
				AACE30EB29F2F155004EEA20 /* HabitViewControllerViewModel.swift in Sources */,
				AAE6380629D60412004CCD33 /* AppDelegate.swift in Sources */,
				AAE6380829D60412004CCD33 /* SceneDelegate.swift in Sources */,
				AAD99A2D29F70ED6007332AD /* Constants.swift in Sources */,
			);
			runOnlyForDeploymentPostprocessing = 0;
		};
/* End PBXSourcesBuildPhase section */

/* Begin PBXTargetDependency section */
		AA02A3572A3A577D00B3A979 /* PBXTargetDependency */ = {
			isa = PBXTargetDependency;
			target = AAE6380129D60412004CCD33 /* Habit Tracker */;
			targetProxy = AA02A3562A3A577D00B3A979 /* PBXContainerItemProxy */;
		};
/* End PBXTargetDependency section */

/* Begin PBXVariantGroup section */
		AAE6380B29D60412004CCD33 /* Main.storyboard */ = {
			isa = PBXVariantGroup;
			children = (
				AAE6380C29D60412004CCD33 /* Base */,
			);
			name = Main.storyboard;
			sourceTree = "<group>";
		};
		AAE6381329D60414004CCD33 /* LaunchScreen.storyboard */ = {
			isa = PBXVariantGroup;
			children = (
				AAE6381429D60414004CCD33 /* Base */,
			);
			name = LaunchScreen.storyboard;
			sourceTree = "<group>";
		};
/* End PBXVariantGroup section */

/* Begin XCBuildConfiguration section */
		AA02A3592A3A577D00B3A979 /* Debug */ = {
			isa = XCBuildConfiguration;
			buildSettings = {
				BUNDLE_LOADER = "$(TEST_HOST)";
				CODE_SIGN_STYLE = Automatic;
				CURRENT_PROJECT_VERSION = 1;
				DEVELOPMENT_TEAM = Z4L795R9L6;
				GENERATE_INFOPLIST_FILE = YES;
				IPHONEOS_DEPLOYMENT_TARGET = 16.4;
				MARKETING_VERSION = 1.0;
				PRODUCT_BUNDLE_IDENTIFIER = "com.ethanmosher.Habit-TrackerTests";
				PRODUCT_NAME = "$(TARGET_NAME)";
				SWIFT_EMIT_LOC_STRINGS = NO;
				SWIFT_VERSION = 5.0;
				TARGETED_DEVICE_FAMILY = "1,2";
				TEST_HOST = "$(BUILT_PRODUCTS_DIR)/Habit Tracker.app/$(BUNDLE_EXECUTABLE_FOLDER_PATH)/Habit Tracker";
			};
			name = Debug;
		};
		AA02A35A2A3A577D00B3A979 /* Release */ = {
			isa = XCBuildConfiguration;
			buildSettings = {
				BUNDLE_LOADER = "$(TEST_HOST)";
				CODE_SIGN_STYLE = Automatic;
				CURRENT_PROJECT_VERSION = 1;
				DEVELOPMENT_TEAM = Z4L795R9L6;
				GENERATE_INFOPLIST_FILE = YES;
				IPHONEOS_DEPLOYMENT_TARGET = 16.4;
				MARKETING_VERSION = 1.0;
				PRODUCT_BUNDLE_IDENTIFIER = "com.ethanmosher.Habit-TrackerTests";
				PRODUCT_NAME = "$(TARGET_NAME)";
				SWIFT_EMIT_LOC_STRINGS = NO;
				SWIFT_VERSION = 5.0;
				TARGETED_DEVICE_FAMILY = "1,2";
				TEST_HOST = "$(BUILT_PRODUCTS_DIR)/Habit Tracker.app/$(BUNDLE_EXECUTABLE_FOLDER_PATH)/Habit Tracker";
			};
			name = Release;
		};
		AAE6381729D60414004CCD33 /* Debug */ = {
			isa = XCBuildConfiguration;
			buildSettings = {
				ALWAYS_SEARCH_USER_PATHS = NO;
				CLANG_ANALYZER_NONNULL = YES;
				CLANG_ANALYZER_NUMBER_OBJECT_CONVERSION = YES_AGGRESSIVE;
				CLANG_CXX_LANGUAGE_STANDARD = "gnu++20";
				CLANG_ENABLE_MODULES = YES;
				CLANG_ENABLE_OBJC_ARC = YES;
				CLANG_ENABLE_OBJC_WEAK = YES;
				CLANG_WARN_BLOCK_CAPTURE_AUTORELEASING = YES;
				CLANG_WARN_BOOL_CONVERSION = YES;
				CLANG_WARN_COMMA = YES;
				CLANG_WARN_CONSTANT_CONVERSION = YES;
				CLANG_WARN_DEPRECATED_OBJC_IMPLEMENTATIONS = YES;
				CLANG_WARN_DIRECT_OBJC_ISA_USAGE = YES_ERROR;
				CLANG_WARN_DOCUMENTATION_COMMENTS = YES;
				CLANG_WARN_EMPTY_BODY = YES;
				CLANG_WARN_ENUM_CONVERSION = YES;
				CLANG_WARN_INFINITE_RECURSION = YES;
				CLANG_WARN_INT_CONVERSION = YES;
				CLANG_WARN_NON_LITERAL_NULL_CONVERSION = YES;
				CLANG_WARN_OBJC_IMPLICIT_RETAIN_SELF = YES;
				CLANG_WARN_OBJC_LITERAL_CONVERSION = YES;
				CLANG_WARN_OBJC_ROOT_CLASS = YES_ERROR;
				CLANG_WARN_QUOTED_INCLUDE_IN_FRAMEWORK_HEADER = YES;
				CLANG_WARN_RANGE_LOOP_ANALYSIS = YES;
				CLANG_WARN_STRICT_PROTOTYPES = YES;
				CLANG_WARN_SUSPICIOUS_MOVE = YES;
				CLANG_WARN_UNGUARDED_AVAILABILITY = YES_AGGRESSIVE;
				CLANG_WARN_UNREACHABLE_CODE = YES;
				CLANG_WARN__DUPLICATE_METHOD_MATCH = YES;
				COPY_PHASE_STRIP = NO;
				DEBUG_INFORMATION_FORMAT = dwarf;
				ENABLE_STRICT_OBJC_MSGSEND = YES;
				ENABLE_TESTABILITY = YES;
				GCC_C_LANGUAGE_STANDARD = gnu11;
				GCC_DYNAMIC_NO_PIC = NO;
				GCC_NO_COMMON_BLOCKS = YES;
				GCC_OPTIMIZATION_LEVEL = 0;
				GCC_PREPROCESSOR_DEFINITIONS = (
					"DEBUG=1",
					"$(inherited)",
				);
				GCC_WARN_64_TO_32_BIT_CONVERSION = YES;
				GCC_WARN_ABOUT_RETURN_TYPE = YES_ERROR;
				GCC_WARN_UNDECLARED_SELECTOR = YES;
				GCC_WARN_UNINITIALIZED_AUTOS = YES_AGGRESSIVE;
				GCC_WARN_UNUSED_FUNCTION = YES;
				GCC_WARN_UNUSED_VARIABLE = YES;
				IPHONEOS_DEPLOYMENT_TARGET = 16.2;
				MTL_ENABLE_DEBUG_INFO = INCLUDE_SOURCE;
				MTL_FAST_MATH = YES;
				ONLY_ACTIVE_ARCH = YES;
				SDKROOT = iphoneos;
				SWIFT_ACTIVE_COMPILATION_CONDITIONS = DEBUG;
				SWIFT_OPTIMIZATION_LEVEL = "-Onone";
			};
			name = Debug;
		};
		AAE6381829D60414004CCD33 /* Release */ = {
			isa = XCBuildConfiguration;
			buildSettings = {
				ALWAYS_SEARCH_USER_PATHS = NO;
				CLANG_ANALYZER_NONNULL = YES;
				CLANG_ANALYZER_NUMBER_OBJECT_CONVERSION = YES_AGGRESSIVE;
				CLANG_CXX_LANGUAGE_STANDARD = "gnu++20";
				CLANG_ENABLE_MODULES = YES;
				CLANG_ENABLE_OBJC_ARC = YES;
				CLANG_ENABLE_OBJC_WEAK = YES;
				CLANG_WARN_BLOCK_CAPTURE_AUTORELEASING = YES;
				CLANG_WARN_BOOL_CONVERSION = YES;
				CLANG_WARN_COMMA = YES;
				CLANG_WARN_CONSTANT_CONVERSION = YES;
				CLANG_WARN_DEPRECATED_OBJC_IMPLEMENTATIONS = YES;
				CLANG_WARN_DIRECT_OBJC_ISA_USAGE = YES_ERROR;
				CLANG_WARN_DOCUMENTATION_COMMENTS = YES;
				CLANG_WARN_EMPTY_BODY = YES;
				CLANG_WARN_ENUM_CONVERSION = YES;
				CLANG_WARN_INFINITE_RECURSION = YES;
				CLANG_WARN_INT_CONVERSION = YES;
				CLANG_WARN_NON_LITERAL_NULL_CONVERSION = YES;
				CLANG_WARN_OBJC_IMPLICIT_RETAIN_SELF = YES;
				CLANG_WARN_OBJC_LITERAL_CONVERSION = YES;
				CLANG_WARN_OBJC_ROOT_CLASS = YES_ERROR;
				CLANG_WARN_QUOTED_INCLUDE_IN_FRAMEWORK_HEADER = YES;
				CLANG_WARN_RANGE_LOOP_ANALYSIS = YES;
				CLANG_WARN_STRICT_PROTOTYPES = YES;
				CLANG_WARN_SUSPICIOUS_MOVE = YES;
				CLANG_WARN_UNGUARDED_AVAILABILITY = YES_AGGRESSIVE;
				CLANG_WARN_UNREACHABLE_CODE = YES;
				CLANG_WARN__DUPLICATE_METHOD_MATCH = YES;
				COPY_PHASE_STRIP = NO;
				DEBUG_INFORMATION_FORMAT = "dwarf-with-dsym";
				ENABLE_NS_ASSERTIONS = NO;
				ENABLE_STRICT_OBJC_MSGSEND = YES;
				GCC_C_LANGUAGE_STANDARD = gnu11;
				GCC_NO_COMMON_BLOCKS = YES;
				GCC_WARN_64_TO_32_BIT_CONVERSION = YES;
				GCC_WARN_ABOUT_RETURN_TYPE = YES_ERROR;
				GCC_WARN_UNDECLARED_SELECTOR = YES;
				GCC_WARN_UNINITIALIZED_AUTOS = YES_AGGRESSIVE;
				GCC_WARN_UNUSED_FUNCTION = YES;
				GCC_WARN_UNUSED_VARIABLE = YES;
				IPHONEOS_DEPLOYMENT_TARGET = 16.2;
				MTL_ENABLE_DEBUG_INFO = NO;
				MTL_FAST_MATH = YES;
				SDKROOT = iphoneos;
				SWIFT_COMPILATION_MODE = wholemodule;
				SWIFT_OPTIMIZATION_LEVEL = "-O";
				VALIDATE_PRODUCT = YES;
			};
			name = Release;
		};
		AAE6381A29D60414004CCD33 /* Debug */ = {
			isa = XCBuildConfiguration;
			buildSettings = {
				ASSETCATALOG_COMPILER_APPICON_NAME = AppIcon;
				ASSETCATALOG_COMPILER_GLOBAL_ACCENT_COLOR_NAME = AccentColor;
				CODE_SIGN_STYLE = Automatic;
				CURRENT_PROJECT_VERSION = 1;
				DEVELOPMENT_TEAM = Z4L795R9L6;
				GENERATE_INFOPLIST_FILE = YES;
				INFOPLIST_FILE = "Habit Tracker/Info.plist";
				INFOPLIST_KEY_UIApplicationSupportsIndirectInputEvents = YES;
				INFOPLIST_KEY_UILaunchStoryboardName = LaunchScreen;
				INFOPLIST_KEY_UIMainStoryboardFile = Main;
				INFOPLIST_KEY_UISupportedInterfaceOrientations = UIInterfaceOrientationPortrait;
				INFOPLIST_KEY_UISupportedInterfaceOrientations_iPad = "UIInterfaceOrientationPortrait UIInterfaceOrientationPortraitUpsideDown";
				LD_RUNPATH_SEARCH_PATHS = (
					"$(inherited)",
					"@executable_path/Frameworks",
				);
				MARKETING_VERSION = 1.0;
				PRODUCT_BUNDLE_IDENTIFIER = "com.ethanmosher.Habit-Tracker";
				PRODUCT_NAME = "$(TARGET_NAME)";
				SWIFT_EMIT_LOC_STRINGS = YES;
				SWIFT_VERSION = 5.0;
				TARGETED_DEVICE_FAMILY = "1,2";
			};
			name = Debug;
		};
		AAE6381B29D60414004CCD33 /* Release */ = {
			isa = XCBuildConfiguration;
			buildSettings = {
				ASSETCATALOG_COMPILER_APPICON_NAME = AppIcon;
				ASSETCATALOG_COMPILER_GLOBAL_ACCENT_COLOR_NAME = AccentColor;
				CODE_SIGN_STYLE = Automatic;
				CURRENT_PROJECT_VERSION = 1;
				DEVELOPMENT_TEAM = Z4L795R9L6;
				GENERATE_INFOPLIST_FILE = YES;
				INFOPLIST_FILE = "Habit Tracker/Info.plist";
				INFOPLIST_KEY_UIApplicationSupportsIndirectInputEvents = YES;
				INFOPLIST_KEY_UILaunchStoryboardName = LaunchScreen;
				INFOPLIST_KEY_UIMainStoryboardFile = Main;
				INFOPLIST_KEY_UISupportedInterfaceOrientations = UIInterfaceOrientationPortrait;
				INFOPLIST_KEY_UISupportedInterfaceOrientations_iPad = "UIInterfaceOrientationPortrait UIInterfaceOrientationPortraitUpsideDown";
				LD_RUNPATH_SEARCH_PATHS = (
					"$(inherited)",
					"@executable_path/Frameworks",
				);
				MARKETING_VERSION = 1.0;
				PRODUCT_BUNDLE_IDENTIFIER = "com.ethanmosher.Habit-Tracker";
				PRODUCT_NAME = "$(TARGET_NAME)";
				SWIFT_EMIT_LOC_STRINGS = YES;
				SWIFT_VERSION = 5.0;
				TARGETED_DEVICE_FAMILY = "1,2";
			};
			name = Release;
		};
/* End XCBuildConfiguration section */

/* Begin XCConfigurationList section */
		AA02A3582A3A577D00B3A979 /* Build configuration list for PBXNativeTarget "Habit TrackerTests" */ = {
			isa = XCConfigurationList;
			buildConfigurations = (
				AA02A3592A3A577D00B3A979 /* Debug */,
				AA02A35A2A3A577D00B3A979 /* Release */,
			);
			defaultConfigurationIsVisible = 0;
			defaultConfigurationName = Release;
		};
		AAE637FD29D60412004CCD33 /* Build configuration list for PBXProject "Habit Tracker" */ = {
			isa = XCConfigurationList;
			buildConfigurations = (
				AAE6381729D60414004CCD33 /* Debug */,
				AAE6381829D60414004CCD33 /* Release */,
			);
			defaultConfigurationIsVisible = 0;
			defaultConfigurationName = Release;
		};
		AAE6381929D60414004CCD33 /* Build configuration list for PBXNativeTarget "Habit Tracker" */ = {
			isa = XCConfigurationList;
			buildConfigurations = (
				AAE6381A29D60414004CCD33 /* Debug */,
				AAE6381B29D60414004CCD33 /* Release */,
			);
			defaultConfigurationIsVisible = 0;
			defaultConfigurationName = Release;
		};
/* End XCConfigurationList section */

/* Begin XCRemoteSwiftPackageReference section */
		AACE30F229F6EB08004EEA20 /* XCRemoteSwiftPackageReference "firebase-ios-sdk" */ = {
			isa = XCRemoteSwiftPackageReference;
			repositoryURL = "https://github.com/firebase/firebase-ios-sdk";
			requirement = {
				kind = upToNextMajorVersion;
				minimumVersion = 10.0.0;
			};
		};
/* End XCRemoteSwiftPackageReference section */

/* Begin XCSwiftPackageProductDependency section */
		AACE30F329F6EB08004EEA20 /* FirebaseAuth */ = {
			isa = XCSwiftPackageProductDependency;
			package = AACE30F229F6EB08004EEA20 /* XCRemoteSwiftPackageReference "firebase-ios-sdk" */;
			productName = FirebaseAuth;
		};
		AACE30F529F6EB08004EEA20 /* FirebaseFirestore */ = {
			isa = XCSwiftPackageProductDependency;
			package = AACE30F229F6EB08004EEA20 /* XCRemoteSwiftPackageReference "firebase-ios-sdk" */;
			productName = FirebaseFirestore;
		};
/* End XCSwiftPackageProductDependency section */

/* Begin XCVersionGroup section */
		AAE6380E29D60412004CCD33 /* Habit_Tracker.xcdatamodeld */ = {
			isa = XCVersionGroup;
			children = (
				AAE6380F29D60412004CCD33 /* Habit_Tracker.xcdatamodel */,
			);
			currentVersion = AAE6380F29D60412004CCD33 /* Habit_Tracker.xcdatamodel */;
			path = Habit_Tracker.xcdatamodeld;
			sourceTree = "<group>";
			versionGroupType = wrapper.xcdatamodel;
		};
/* End XCVersionGroup section */
	};
	rootObject = AAE637FA29D60412004CCD33 /* Project object */;
}
